
Microsoft Visual Studio Solution File, Format Version 12.00
# Visual Studio 2013
VisualStudioVersion = 12.0.40629.0
MinimumVisualStudioVersion = 10.0.40219.1
Project("{8BC9CEB8-8B4A-11D0-8D11-00A0C91BC942}") = "0x01", "0x01\0x01.vcxproj", "{B60BA2E6-56C1-4B67-B593-09B0139CBF75}"
EndProject
Global
	GlobalSection(SolutionConfigurationPlatforms) = preSolution
		Debug|Win32 = Debug|Win32
		Release|Win32 = Release|Win32
	EndGlobalSection
	GlobalSection(ProjectConfigurationPlatforms) = postSolution
		{B60BA2E6-56C1-4B67-B593-09B0139CBF75}.Debug|Win32.ActiveCfg = Debug|Win32
		{B60BA2E6-56C1-4B67-B593-09B0139CBF75}.Debug|Win32.Build.0 = Debug|Win32
		{B60BA2E6-56C1-4B67-B593-09B0139CBF75}.Release|Win32.ActiveCfg = Release|Win32
		{B60BA2E6-56C1-4B67-B593-09B0139CBF75}.Release|Win32.Build.0 = Release|Win32
	EndGlobalSection
	GlobalSection(SolutionProperties) = preSolution
		HideSolutionNode = FALSE
	EndGlobalSection
EndGlobal
